
Microsoft Visual Studio Solution File, Format Version 12.00
# Visual Studio Version 16
VisualStudioVersion = 16.0.31911.196
MinimumVisualStudioVersion = 10.0.40219.1
Project("{FAE04EC0-301F-11D3-BF4B-00C04F79EFBC}") = "Ardelean_Nadina_Lab8v2", "Ardelean_Nadina_Lab8v2.csproj", "{3695E12A-9173-418A-90B5-97E03CF1E9D0}"
EndProject
Global
	GlobalSection(SolutionConfigurationPlatforms) = preSolution
		Debug|Any CPU = Debug|Any CPU
		Release|Any CPU = Release|Any CPU
	EndGlobalSection
	GlobalSection(ProjectConfigurationPlatforms) = postSolution
		{3695E12A-9173-418A-90B5-97E03CF1E9D0}.Debug|Any CPU.ActiveCfg = Debug|Any CPU
		{3695E12A-9173-418A-90B5-97E03CF1E9D0}.Debug|Any CPU.Build.0 = Debug|Any CPU
		{3695E12A-9173-418A-90B5-97E03CF1E9D0}.Release|Any CPU.ActiveCfg = Release|Any CPU
		{3695E12A-9173-418A-90B5-97E03CF1E9D0}.Release|Any CPU.Build.0 = Release|Any CPU
	EndGlobalSection
	GlobalSection(SolutionProperties) = preSolution
		HideSolutionNode = FALSE
	EndGlobalSection
	GlobalSection(ExtensibilityGlobals) = postSolution
		SolutionGuid = {4739572C-8CF3-48BE-A6E7-7523A6927B4E}
	EndGlobalSection
EndGlobal
